
Microsoft Visual Studio Solution File, Format Version 12.00
# Visual Studio 15
VisualStudioVersion = 15.0.27703.2047
MinimumVisualStudioVersion = 10.0.40219.1
Project("{FAE04EC0-301F-11D3-BF4B-00C04F79EFBC}") = "Task3_Lib", "Task3_Lib\Task3_Lib.csproj", "{BF805BC0-7921-400C-85A4-362029AAB226}"
EndProject
Project("{FAE04EC0-301F-11D3-BF4B-00C04F79EFBC}") = "Task3_UnitTests", "Task3_UnitTests\Task3_UnitTests.csproj", "{BC40648C-EE8D-4313-88D5-47BA687F21A4}"
EndProject
Project("{FAE04EC0-301F-11D3-BF4B-00C04F79EFBC}") = "Task3_UI", "Task3_UI\Task3_UI.csproj", "{7EE33308-1E12-49EC-A52A-EA0AF1AAE1DF}"
EndProject
Global
	GlobalSection(SolutionConfigurationPlatforms) = preSolution
		Debug|Any CPU = Debug|Any CPU
		Release|Any CPU = Release|Any CPU
	EndGlobalSection
	GlobalSection(ProjectConfigurationPlatforms) = postSolution
		{BF805BC0-7921-400C-85A4-362029AAB226}.Debug|Any CPU.ActiveCfg = Debug|Any CPU
		{BF805BC0-7921-400C-85A4-362029AAB226}.Debug|Any CPU.Build.0 = Debug|Any CPU
		{BF805BC0-7921-400C-85A4-362029AAB226}.Release|Any CPU.ActiveCfg = Release|Any CPU
		{BF805BC0-7921-400C-85A4-362029AAB226}.Release|Any CPU.Build.0 = Release|Any CPU
		{BC40648C-EE8D-4313-88D5-47BA687F21A4}.Debug|Any CPU.ActiveCfg = Debug|Any CPU
		{BC40648C-EE8D-4313-88D5-47BA687F21A4}.Debug|Any CPU.Build.0 = Debug|Any CPU
		{BC40648C-EE8D-4313-88D5-47BA687F21A4}.Release|Any CPU.ActiveCfg = Release|Any CPU
		{BC40648C-EE8D-4313-88D5-47BA687F21A4}.Release|Any CPU.Build.0 = Release|Any CPU
		{7EE33308-1E12-49EC-A52A-EA0AF1AAE1DF}.Debug|Any CPU.ActiveCfg = Debug|Any CPU
		{7EE33308-1E12-49EC-A52A-EA0AF1AAE1DF}.Debug|Any CPU.Build.0 = Debug|Any CPU
		{7EE33308-1E12-49EC-A52A-EA0AF1AAE1DF}.Release|Any CPU.ActiveCfg = Release|Any CPU
		{7EE33308-1E12-49EC-A52A-EA0AF1AAE1DF}.Release|Any CPU.Build.0 = Release|Any CPU
	EndGlobalSection
	GlobalSection(SolutionProperties) = preSolution
		HideSolutionNode = FALSE
	EndGlobalSection
	GlobalSection(ExtensibilityGlobals) = postSolution
		SolutionGuid = {5D320E8B-C7FD-40F7-86E8-EFB1E55A9F6A}
	EndGlobalSection
EndGlobal
